{
  "name": "svg-text-util",
  "version": "1.0.0",
  "lockfileVersion": 1,
  "requires": true,
  "dependencies": {
    "lodash.deburr": {
      "version": "4.1.0",
      "resolved": "https://registry.npmjs.org/lodash.deburr/-/lodash.deburr-4.1.0.tgz",
      "integrity": "sha1-3bG7s+8HRYwBd7oH3hRCLLAz/5s="
    },
    "string-pixel-width": {
      "version": "1.10.0",
      "resolved": "https://registry.npmjs.org/string-pixel-width/-/string-pixel-width-1.10.0.tgz",
      "integrity": "sha512-cOMpkH+CpxWAnrPsWUvPWhZxh25CzUukweT+6WF+Kwx6+G2ksg8flvELZusLyWiZzfFCjj1+QRRGwcPWZlwVYA==",
      "requires": {
        "lodash.deburr": "^4.1.0"
      }
    }
  }
}